// !$*UTF8*$!
{
	archiveVersion = 1;
	classes = {
	};
	objectVersion = 50;
	objects = {

/* Begin PBXBuildFile section */
		ACB15E8326CADB46006DCFEB /* AppDelegate.swift in Sources */ = {isa = PBXBuildFile; fileRef = ACB15E8226CADB46006DCFEB /* AppDelegate.swift */; };
		ACB15E8526CADB46006DCFEB /* SceneDelegate.swift in Sources */ = {isa = PBXBuildFile; fileRef = ACB15E8426CADB46006DCFEB /* SceneDelegate.swift */; };
		ACB15E8726CADB46006DCFEB /* ViewController.swift in Sources */ = {isa = PBXBuildFile; fileRef = ACB15E8626CADB46006DCFEB /* ViewController.swift */; };
		ACB15E8A26CADB46006DCFEB /* Main.storyboard in Resources */ = {isa = PBXBuildFile; fileRef = ACB15E8826CADB46006DCFEB /* Main.storyboard */; };
		ACB15E8C26CADB48006DCFEB /* Assets.xcassets in Resources */ = {isa = PBXBuildFile; fileRef = ACB15E8B26CADB48006DCFEB /* Assets.xcassets */; };
		ACB15E8F26CADB48006DCFEB /* LaunchScreen.storyboard in Resources */ = {isa = PBXBuildFile; fileRef = ACB15E8D26CADB48006DCFEB /* LaunchScreen.storyboard */; };
		ACB15E9A26CBDB99006DCFEB /* AppearenceViewController.swift in Sources */ = {isa = PBXBuildFile; fileRef = ACB15E9926CBDB99006DCFEB /* AppearenceViewController.swift */; };
		ACB15E9C26CBDE40006DCFEB /* InfoViewController.swift in Sources */ = {isa = PBXBuildFile; fileRef = ACB15E9B26CBDE40006DCFEB /* InfoViewController.swift */; };
		ACB15E9F26CBEBA2006DCFEB /* Extensions.swift in Sources */ = {isa = PBXBuildFile; fileRef = ACB15E9E26CBEBA2006DCFEB /* Extensions.swift */; };
		ACB15EA126CC1D77006DCFEB /* PersonViewController.swift in Sources */ = {isa = PBXBuildFile; fileRef = ACB15EA026CC1D77006DCFEB /* PersonViewController.swift */; };
		ACB15EA326CC24E5006DCFEB /* AccountViewController.swift in Sources */ = {isa = PBXBuildFile; fileRef = ACB15EA226CC24E5006DCFEB /* AccountViewController.swift */; };
/* End PBXBuildFile section */

/* Begin PBXFileReference section */
		ACB15E7F26CADB46006DCFEB /* DayFinder.app */ = {isa = PBXFileReference; explicitFileType = wrapper.application; includeInIndex = 0; path = DayFinder.app; sourceTree = BUILT_PRODUCTS_DIR; };
		ACB15E8226CADB46006DCFEB /* AppDelegate.swift */ = {isa = PBXFileReference; lastKnownFileType = sourcecode.swift; path = AppDelegate.swift; sourceTree = "<group>"; };
		ACB15E8426CADB46006DCFEB /* SceneDelegate.swift */ = {isa = PBXFileReference; lastKnownFileType = sourcecode.swift; path = SceneDelegate.swift; sourceTree = "<group>"; };
		ACB15E8626CADB46006DCFEB /* ViewController.swift */ = {isa = PBXFileReference; lastKnownFileType = sourcecode.swift; path = ViewController.swift; sourceTree = "<group>"; };
		ACB15E8926CADB46006DCFEB /* Base */ = {isa = PBXFileReference; lastKnownFileType = file.storyboard; name = Base; path = Base.lproj/Main.storyboard; sourceTree = "<group>"; };
		ACB15E8B26CADB48006DCFEB /* Assets.xcassets */ = {isa = PBXFileReference; lastKnownFileType = folder.assetcatalog; path = Assets.xcassets; sourceTree = "<group>"; };
		ACB15E8E26CADB48006DCFEB /* Base */ = {isa = PBXFileReference; lastKnownFileType = file.storyboard; name = Base; path = Base.lproj/LaunchScreen.storyboard; sourceTree = "<group>"; };
		ACB15E9026CADB48006DCFEB /* Info.plist */ = {isa = PBXFileReference; lastKnownFileType = text.plist.xml; path = Info.plist; sourceTree = "<group>"; };
		ACB15E9926CBDB99006DCFEB /* AppearenceViewController.swift */ = {isa = PBXFileReference; lastKnownFileType = sourcecode.swift; path = AppearenceViewController.swift; sourceTree = "<group>"; };
		ACB15E9B26CBDE40006DCFEB /* InfoViewController.swift */ = {isa = PBXFileReference; lastKnownFileType = sourcecode.swift; path = InfoViewController.swift; sourceTree = "<group>"; };
		ACB15E9E26CBEBA2006DCFEB /* Extensions.swift */ = {isa = PBXFileReference; lastKnownFileType = sourcecode.swift; path = Extensions.swift; sourceTree = "<group>"; };
		ACB15EA026CC1D77006DCFEB /* PersonViewController.swift */ = {isa = PBXFileReference; lastKnownFileType = sourcecode.swift; path = PersonViewController.swift; sourceTree = "<group>"; };
		ACB15EA226CC24E5006DCFEB /* AccountViewController.swift */ = {isa = PBXFileReference; lastKnownFileType = sourcecode.swift; path = AccountViewController.swift; sourceTree = "<group>"; };
/* End PBXFileReference section */

/* Begin PBXFrameworksBuildPhase section */
		ACB15E7C26CADB46006DCFEB /* Frameworks */ = {
			isa = PBXFrameworksBuildPhase;
			buildActionMask = 2147483647;
			files = (
			);
			runOnlyForDeploymentPostprocessing = 0;
		};
/* End PBXFrameworksBuildPhase section */

/* Begin PBXGroup section */
		ACB15E7626CADB46006DCFEB = {
			isa = PBXGroup;
			children = (
				ACB15E8126CADB46006DCFEB /* DayFinder */,
				ACB15E8026CADB46006DCFEB /* Products */,
			);
			sourceTree = "<group>";
		};
		ACB15E8026CADB46006DCFEB /* Products */ = {
			isa = PBXGroup;
			children = (
				ACB15E7F26CADB46006DCFEB /* DayFinder.app */,
			);
			name = Products;
			sourceTree = "<group>";
		};
		ACB15E8126CADB46006DCFEB /* DayFinder */ = {
			isa = PBXGroup;
			children = (
				ACB15E9D26CBEB68006DCFEB /* Extensions */,
				ACB15E9626CADB62006DCFEB /* App Delegate */,
				ACB15E9826CADC05006DCFEB /* Controller */,
				ACB15E9726CADBF8006DCFEB /* View */,
				ACB15E8B26CADB48006DCFEB /* Assets.xcassets */,
				ACB15E9026CADB48006DCFEB /* Info.plist */,
			);
			path = DayFinder;
			sourceTree = "<group>";
		};
		ACB15E9626CADB62006DCFEB /* App Delegate */ = {
			isa = PBXGroup;
			children = (
				ACB15E8226CADB46006DCFEB /* AppDelegate.swift */,
				ACB15E8426CADB46006DCFEB /* SceneDelegate.swift */,
			);
			path = "App Delegate";
			sourceTree = "<group>";
		};
		ACB15E9726CADBF8006DCFEB /* View */ = {
			isa = PBXGroup;
			children = (
				ACB15E8826CADB46006DCFEB /* Main.storyboard */,
				ACB15E8D26CADB48006DCFEB /* LaunchScreen.storyboard */,
			);
			path = View;
			sourceTree = "<group>";
		};
		ACB15E9826CADC05006DCFEB /* Controller */ = {
			isa = PBXGroup;
			children = (
				ACB15E8626CADB46006DCFEB /* ViewController.swift */,
				ACB15E9926CBDB99006DCFEB /* AppearenceViewController.swift */,
				ACB15E9B26CBDE40006DCFEB /* InfoViewController.swift */,
				ACB15EA026CC1D77006DCFEB /* PersonViewController.swift */,
				ACB15EA226CC24E5006DCFEB /* AccountViewController.swift */,
			);
			path = Controller;
			sourceTree = "<group>";
		};
		ACB15E9D26CBEB68006DCFEB /* Extensions */ = {
			isa = PBXGroup;
			children = (
				ACB15E9E26CBEBA2006DCFEB /* Extensions.swift */,
			);
			name = Extensions;
			sourceTree = "<group>";
		};
/* End PBXGroup section */

/* Begin PBXNativeTarget section */
		ACB15E7E26CADB46006DCFEB /* DayFinder */ = {
			isa = PBXNativeTarget;
			buildConfigurationList = ACB15E9326CADB48006DCFEB /* Build configuration list for PBXNativeTarget "DayFinder" */;
			buildPhases = (
				ACB15E7B26CADB46006DCFEB /* Sources */,
				ACB15E7C26CADB46006DCFEB /* Frameworks */,
				ACB15E7D26CADB46006DCFEB /* Resources */,
			);
			buildRules = (
			);
			dependencies = (
			);
			name = DayFinder;
			productName = DayFinder;
			productReference = ACB15E7F26CADB46006DCFEB /* DayFinder.app */;
			productType = "com.apple.product-type.application";
		};
/* End PBXNativeTarget section */

/* Begin PBXProject section */
		ACB15E7726CADB46006DCFEB /* Project object */ = {
			isa = PBXProject;
			attributes = {
				LastSwiftUpdateCheck = 1250;
				LastUpgradeCheck = 1250;
				TargetAttributes = {
					ACB15E7E26CADB46006DCFEB = {
						CreatedOnToolsVersion = 12.5.1;
					};
				};
			};
			buildConfigurationList = ACB15E7A26CADB46006DCFEB /* Build configuration list for PBXProject "DayFinder" */;
			compatibilityVersion = "Xcode 9.3";
			developmentRegion = en;
			hasScannedForEncodings = 0;
			knownRegions = (
				en,
				Base,
			);
			mainGroup = ACB15E7626CADB46006DCFEB;
			productRefGroup = ACB15E8026CADB46006DCFEB /* Products */;
			projectDirPath = "";
			projectRoot = "";
			targets = (
				ACB15E7E26CADB46006DCFEB /* DayFinder */,
			);
		};
/* End PBXProject section */

/* Begin PBXResourcesBuildPhase section */
		ACB15E7D26CADB46006DCFEB /* Resources */ = {
			isa = PBXResourcesBuildPhase;
			buildActionMask = 2147483647;
			files = (
				ACB15E8F26CADB48006DCFEB /* LaunchScreen.storyboard in Resources */,
				ACB15E8C26CADB48006DCFEB /* Assets.xcassets in Resources */,
				ACB15E8A26CADB46006DCFEB /* Main.storyboard in Resources */,
			);
			runOnlyForDeploymentPostprocessing = 0;
		};
/* End PBXResourcesBuildPhase section */

/* Begin PBXSourcesBuildPhase section */
		ACB15E7B26CADB46006DCFEB /* Sources */ = {
			isa = PBXSourcesBuildPhase;
			buildActionMask = 2147483647;
			files = (
				ACB15E9A26CBDB99006DCFEB /* AppearenceViewController.swift in Sources */,
				ACB15E9F26CBEBA2006DCFEB /* Extensions.swift in Sources */,
				ACB15EA326CC24E5006DCFEB /* AccountViewController.swift in Sources */,
				ACB15E8726CADB46006DCFEB /* ViewController.swift in Sources */,
				ACB15E8326CADB46006DCFEB /* AppDelegate.swift in Sources */,
				ACB15E8526CADB46006DCFEB /* SceneDelegate.swift in Sources */,
				ACB15E9C26CBDE40006DCFEB /* InfoViewController.swift in Sources */,
				ACB15EA126CC1D77006DCFEB /* PersonViewController.swift in Sources */,
			);
			runOnlyForDeploymentPostprocessing = 0;
		};
/* End PBXSourcesBuildPhase section */

/* Begin PBXVariantGroup section */
		ACB15E8826CADB46006DCFEB /* Main.storyboard */ = {
			isa = PBXVariantGroup;
			children = (
				ACB15E8926CADB46006DCFEB /* Base */,
			);
			name = Main.storyboard;
			sourceTree = "<group>";
		};
		ACB15E8D26CADB48006DCFEB /* LaunchScreen.storyboard */ = {
			isa = PBXVariantGroup;
			children = (
				ACB15E8E26CADB48006DCFEB /* Base */,
			);
			name = LaunchScreen.storyboard;
			sourceTree = "<group>";
		};
/* End PBXVariantGroup section */

/* Begin XCBuildConfiguration section */
		ACB15E9126CADB48006DCFEB /* Debug */ = {
			isa = XCBuildConfiguration;
			buildSettings = {
				ALWAYS_SEARCH_USER_PATHS = NO;
				CLANG_ANALYZER_NONNULL = YES;
				CLANG_ANALYZER_NUMBER_OBJECT_CONVERSION = YES_AGGRESSIVE;
				CLANG_CXX_LANGUAGE_STANDARD = "gnu++14";
				CLANG_CXX_LIBRARY = "libc++";
				CLANG_ENABLE_MODULES = YES;
				CLANG_ENABLE_OBJC_ARC = YES;
				CLANG_ENABLE_OBJC_WEAK = YES;
				CLANG_WARN_BLOCK_CAPTURE_AUTORELEASING = YES;
				CLANG_WARN_BOOL_CONVERSION = YES;
				CLANG_WARN_COMMA = YES;
				CLANG_WARN_CONSTANT_CONVERSION = YES;
				CLANG_WARN_DEPRECATED_OBJC_IMPLEMENTATIONS = YES;
				CLANG_WARN_DIRECT_OBJC_ISA_USAGE = YES_ERROR;
				CLANG_WARN_DOCUMENTATION_COMMENTS = YES;
				CLANG_WARN_EMPTY_BODY = YES;
				CLANG_WARN_ENUM_CONVERSION = YES;
				CLANG_WARN_INFINITE_RECURSION = YES;
				CLANG_WARN_INT_CONVERSION = YES;
				CLANG_WARN_NON_LITERAL_NULL_CONVERSION = YES;
				CLANG_WARN_OBJC_IMPLICIT_RETAIN_SELF = YES;
				CLANG_WARN_OBJC_LITERAL_CONVERSION = YES;
				CLANG_WARN_OBJC_ROOT_CLASS = YES_ERROR;
				CLANG_WARN_QUOTED_INCLUDE_IN_FRAMEWORK_HEADER = YES;
				CLANG_WARN_RANGE_LOOP_ANALYSIS = YES;
				CLANG_WARN_STRICT_PROTOTYPES = YES;
				CLANG_WARN_SUSPICIOUS_MOVE = YES;
				CLANG_WARN_UNGUARDED_AVAILABILITY = YES_AGGRESSIVE;
				CLANG_WARN_UNREACHABLE_CODE = YES;
				CLANG_WARN__DUPLICATE_METHOD_MATCH = YES;
				COPY_PHASE_STRIP = NO;
				DEBUG_INFORMATION_FORMAT = dwarf;
				ENABLE_STRICT_OBJC_MSGSEND = YES;
				ENABLE_TESTABILITY = YES;
				GCC_C_LANGUAGE_STANDARD = gnu11;
				GCC_DYNAMIC_NO_PIC = NO;
				GCC_NO_COMMON_BLOCKS = YES;
				GCC_OPTIMIZATION_LEVEL = 0;
				GCC_PREPROCESSOR_DEFINITIONS = (
					"DEBUG=1",
					"$(inherited)",
				);
				GCC_WARN_64_TO_32_BIT_CONVERSION = YES;
				GCC_WARN_ABOUT_RETURN_TYPE = YES_ERROR;
				GCC_WARN_UNDECLARED_SELECTOR = YES;
				GCC_WARN_UNINITIALIZED_AUTOS = YES_AGGRESSIVE;
				GCC_WARN_UNUSED_FUNCTION = YES;
				GCC_WARN_UNUSED_VARIABLE = YES;
				IPHONEOS_DEPLOYMENT_TARGET = 14.5;
				MTL_ENABLE_DEBUG_INFO = INCLUDE_SOURCE;
				MTL_FAST_MATH = YES;
				ONLY_ACTIVE_ARCH = YES;
				SDKROOT = iphoneos;
				SWIFT_ACTIVE_COMPILATION_CONDITIONS = DEBUG;
				SWIFT_OPTIMIZATION_LEVEL = "-Onone";
			};
			name = Debug;
		};
		ACB15E9226CADB48006DCFEB /* Release */ = {
			isa = XCBuildConfiguration;
			buildSettings = {
				ALWAYS_SEARCH_USER_PATHS = NO;
				CLANG_ANALYZER_NONNULL = YES;
				CLANG_ANALYZER_NUMBER_OBJECT_CONVERSION = YES_AGGRESSIVE;
				CLANG_CXX_LANGUAGE_STANDARD = "gnu++14";
				CLANG_CXX_LIBRARY = "libc++";
				CLANG_ENABLE_MODULES = YES;
				CLANG_ENABLE_OBJC_ARC = YES;
				CLANG_ENABLE_OBJC_WEAK = YES;
				CLANG_WARN_BLOCK_CAPTURE_AUTORELEASING = YES;
				CLANG_WARN_BOOL_CONVERSION = YES;
				CLANG_WARN_COMMA = YES;
				CLANG_WARN_CONSTANT_CONVERSION = YES;
				CLANG_WARN_DEPRECATED_OBJC_IMPLEMENTATIONS = YES;
				CLANG_WARN_DIRECT_OBJC_ISA_USAGE = YES_ERROR;
				CLANG_WARN_DOCUMENTATION_COMMENTS = YES;
				CLANG_WARN_EMPTY_BODY = YES;
				CLANG_WARN_ENUM_CONVERSION = YES;
				CLANG_WARN_INFINITE_RECURSION = YES;
				CLANG_WARN_INT_CONVERSION = YES;
				CLANG_WARN_NON_LITERAL_NULL_CONVERSION = YES;
				CLANG_WARN_OBJC_IMPLICIT_RETAIN_SELF = YES;
				CLANG_WARN_OBJC_LITERAL_CONVERSION = YES;
				CLANG_WARN_OBJC_ROOT_CLASS = YES_ERROR;
				CLANG_WARN_QUOTED_INCLUDE_IN_FRAMEWORK_HEADER = YES;
				CLANG_WARN_RANGE_LOOP_ANALYSIS = YES;
				CLANG_WARN_STRICT_PROTOTYPES = YES;
				CLANG_WARN_SUSPICIOUS_MOVE = YES;
				CLANG_WARN_UNGUARDED_AVAILABILITY = YES_AGGRESSIVE;
				CLANG_WARN_UNREACHABLE_CODE = YES;
				CLANG_WARN__DUPLICATE_METHOD_MATCH = YES;
				COPY_PHASE_STRIP = NO;
				DEBUG_INFORMATION_FORMAT = "dwarf-with-dsym";
				ENABLE_NS_ASSERTIONS = NO;
				ENABLE_STRICT_OBJC_MSGSEND = YES;
				GCC_C_LANGUAGE_STANDARD = gnu11;
				GCC_NO_COMMON_BLOCKS = YES;
				GCC_WARN_64_TO_32_BIT_CONVERSION = YES;
				GCC_WARN_ABOUT_RETURN_TYPE = YES_ERROR;
				GCC_WARN_UNDECLARED_SELECTOR = YES;
				GCC_WARN_UNINITIALIZED_AUTOS = YES_AGGRESSIVE;
				GCC_WARN_UNUSED_FUNCTION = YES;
				GCC_WARN_UNUSED_VARIABLE = YES;
				IPHONEOS_DEPLOYMENT_TARGET = 14.5;
				MTL_ENABLE_DEBUG_INFO = NO;
				MTL_FAST_MATH = YES;
				SDKROOT = iphoneos;
				SWIFT_COMPILATION_MODE = wholemodule;
				SWIFT_OPTIMIZATION_LEVEL = "-O";
				VALIDATE_PRODUCT = YES;
			};
			name = Release;
		};
		ACB15E9426CADB48006DCFEB /* Debug */ = {
			isa = XCBuildConfiguration;
			buildSettings = {
				ASSETCATALOG_COMPILER_APPICON_NAME = AppIcon;
				ASSETCATALOG_COMPILER_GLOBAL_ACCENT_COLOR_NAME = AccentColor;
				CODE_SIGN_STYLE = Automatic;
				DEVELOPMENT_TEAM = 24U56DZ564;
				INFOPLIST_FILE = DayFinder/Info.plist;
				LD_RUNPATH_SEARCH_PATHS = (
					"$(inherited)",
					"@executable_path/Frameworks",
				);
				PRODUCT_BUNDLE_IDENTIFIER = personal.DayFinder;
				PRODUCT_NAME = "$(TARGET_NAME)";
				SWIFT_VERSION = 5.0;
				TARGETED_DEVICE_FAMILY = "1,2";
			};
			name = Debug;
		};
		ACB15E9526CADB48006DCFEB /* Release */ = {
			isa = XCBuildConfiguration;
			buildSettings = {
				ASSETCATALOG_COMPILER_APPICON_NAME = AppIcon;
				ASSETCATALOG_COMPILER_GLOBAL_ACCENT_COLOR_NAME = AccentColor;
				CODE_SIGN_STYLE = Automatic;
				DEVELOPMENT_TEAM = 24U56DZ564;
				INFOPLIST_FILE = DayFinder/Info.plist;
				LD_RUNPATH_SEARCH_PATHS = (
					"$(inherited)",
					"@executable_path/Frameworks",
				);
				PRODUCT_BUNDLE_IDENTIFIER = personal.DayFinder;
				PRODUCT_NAME = "$(TARGET_NAME)";
				SWIFT_VERSION = 5.0;
				TARGETED_DEVICE_FAMILY = "1,2";
			};
			name = Release;
		};
/* End XCBuildConfiguration section */

/* Begin XCConfigurationList section */
		ACB15E7A26CADB46006DCFEB /* Build configuration list for PBXProject "DayFinder" */ = {
			isa = XCConfigurationList;
			buildConfigurations = (
				ACB15E9126CADB48006DCFEB /* Debug */,
				ACB15E9226CADB48006DCFEB /* Release */,
			);
			defaultConfigurationIsVisible = 0;
			defaultConfigurationName = Release;
		};
		ACB15E9326CADB48006DCFEB /* Build configuration list for PBXNativeTarget "DayFinder" */ = {
			isa = XCConfigurationList;
			buildConfigurations = (
				ACB15E9426CADB48006DCFEB /* Debug */,
				ACB15E9526CADB48006DCFEB /* Release */,
			);
			defaultConfigurationIsVisible = 0;
			defaultConfigurationName = Release;
		};
/* End XCConfigurationList section */
	};
	rootObject = ACB15E7726CADB46006DCFEB /* Project object */;
}
